
Microsoft Visual Studio Solution File, Format Version 12.00
# Visual Studio Version 17
VisualStudioVersion = 17.14.36401.2
MinimumVisualStudioVersion = 10.0.40219.1
Project("{FAE04EC0-301F-11D3-BF4B-00C04F79EFBC}") = "WPFAppThemeTest", "WPFAppThemeTest.csproj", "{0B32A431-10A8-4375-9E3E-74C1D3E82AB8}"
EndProject
Project("{FAE04EC0-301F-11D3-BF4B-00C04F79EFBC}") = "EsperTheme", "..\EsperTheme\EsperTheme.csproj", "{BBA7EC9C-EABE-4BFA-B15D-273F4710B781}"
EndProject
Global
	GlobalSection(SolutionConfigurationPlatforms) = preSolution
		Debug|Any CPU = Debug|Any CPU
		Release|Any CPU = Release|Any CPU
	EndGlobalSection
	GlobalSection(ProjectConfigurationPlatforms) = postSolution
		{0B32A431-10A8-4375-9E3E-74C1D3E82AB8}.Debug|Any CPU.ActiveCfg = Debug|Any CPU
		{0B32A431-10A8-4375-9E3E-74C1D3E82AB8}.Debug|Any CPU.Build.0 = Debug|Any CPU
		{0B32A431-10A8-4375-9E3E-74C1D3E82AB8}.Release|Any CPU.ActiveCfg = Release|Any CPU
		{0B32A431-10A8-4375-9E3E-74C1D3E82AB8}.Release|Any CPU.Build.0 = Release|Any CPU
		{BBA7EC9C-EABE-4BFA-B15D-273F4710B781}.Debug|Any CPU.ActiveCfg = Debug|Any CPU
		{BBA7EC9C-EABE-4BFA-B15D-273F4710B781}.Debug|Any CPU.Build.0 = Debug|Any CPU
		{BBA7EC9C-EABE-4BFA-B15D-273F4710B781}.Release|Any CPU.ActiveCfg = Release|Any CPU
		{BBA7EC9C-EABE-4BFA-B15D-273F4710B781}.Release|Any CPU.Build.0 = Release|Any CPU
	EndGlobalSection
	GlobalSection(SolutionProperties) = preSolution
		HideSolutionNode = FALSE
	EndGlobalSection
	GlobalSection(ExtensibilityGlobals) = postSolution
		SolutionGuid = {DB1A3B45-C27A-400B-86B0-BAB152276DD0}
	EndGlobalSection
EndGlobal
